// !$*UTF8*$!
{
	archiveVersion = 1;
	classes = {
	};
	objectVersion = 56;
	objects = {

/* Begin PBXBuildFile section */
		631D6AAC2A3E445D00AD6837 /* EndpointPath.swift in Sources */ = {isa = PBXBuildFile; fileRef = 631D6AAB2A3E445D00AD6837 /* EndpointPath.swift */; };
		631D6ABB2A3F221400AD6837 /* NetworkError.swift in Sources */ = {isa = PBXBuildFile; fileRef = 631D6ABA2A3F221400AD6837 /* NetworkError.swift */; };
		635F7B372A03D65A005372AD /* ListItem.swift in Sources */ = {isa = PBXBuildFile; fileRef = 635F7B362A03D65A005372AD /* ListItem.swift */; };
		635F7B392A03D69F005372AD /* GenreData.swift in Sources */ = {isa = PBXBuildFile; fileRef = 635F7B382A03D69F005372AD /* GenreData.swift */; };
		635F7B3C2A055FF0005372AD /* GenreViewController.swift in Sources */ = {isa = PBXBuildFile; fileRef = 635F7B3B2A055FF0005372AD /* GenreViewController.swift */; };
		635F7B3E2A056065005372AD /* GenrePresenter.swift in Sources */ = {isa = PBXBuildFile; fileRef = 635F7B3D2A056065005372AD /* GenrePresenter.swift */; };
		635F7B402A0560BC005372AD /* GenreRouter.swift in Sources */ = {isa = PBXBuildFile; fileRef = 635F7B3F2A0560BC005372AD /* GenreRouter.swift */; };
		635F7B422A05617D005372AD /* GenreInteractor.swift in Sources */ = {isa = PBXBuildFile; fileRef = 635F7B412A05617D005372AD /* GenreInteractor.swift */; };
		635F7B442A056210005372AD /* GenreAssembly.swift in Sources */ = {isa = PBXBuildFile; fileRef = 635F7B432A056210005372AD /* GenreAssembly.swift */; };
		638609552A0BFF0D00C5F589 /* Assets.xcassets in Resources */ = {isa = PBXBuildFile; fileRef = 63AF054029FAA93A002CC96D /* Assets.xcassets */; };
		638609562A0BFF6600C5F589 /* LaunchScreen.storyboard in Resources */ = {isa = PBXBuildFile; fileRef = 63AF054229FAA93A002CC96D /* LaunchScreen.storyboard */; };
		6386095B2A0C008100C5F589 /* SavedBook.xcdatamodeld in Sources */ = {isa = PBXBuildFile; fileRef = 638609592A0C008100C5F589 /* SavedBook.xcdatamodeld */; };
		6386095E2A0C019200C5F589 /* SavedBook+CoreDataClass.swift in Sources */ = {isa = PBXBuildFile; fileRef = 6386095C2A0C019200C5F589 /* SavedBook+CoreDataClass.swift */; };
		6386095F2A0C019200C5F589 /* SavedBook+CoreDataProperties.swift in Sources */ = {isa = PBXBuildFile; fileRef = 6386095D2A0C019200C5F589 /* SavedBook+CoreDataProperties.swift */; };
		638609612A0C022800C5F589 /* CoreDataManager.swift in Sources */ = {isa = PBXBuildFile; fileRef = 638609602A0C022800C5F589 /* CoreDataManager.swift */; };
		63A8ABF52A161CEB00D312D9 /* BooksMarket.swift in Sources */ = {isa = PBXBuildFile; fileRef = 63A8ABF42A161CEB00D312D9 /* BooksMarket.swift */; };
		63A8ABF72A16237300D312D9 /* BooksStructDecode.swift in Sources */ = {isa = PBXBuildFile; fileRef = 63A8ABF62A16237300D312D9 /* BooksStructDecode.swift */; };
		63A8ABF92A1645D100D312D9 /* BooksCollectionViewCell.swift in Sources */ = {isa = PBXBuildFile; fileRef = 63A8ABF82A1645D100D312D9 /* BooksCollectionViewCell.swift */; };
		63A8ABFE2A17C6F500D312D9 /* BookInfoAssembly.swift in Sources */ = {isa = PBXBuildFile; fileRef = 63A8ABFD2A17C6F500D312D9 /* BookInfoAssembly.swift */; };
		63A8AC002A17C7CC00D312D9 /* BookInfoInteractor.swift in Sources */ = {isa = PBXBuildFile; fileRef = 63A8ABFF2A17C7CC00D312D9 /* BookInfoInteractor.swift */; };
		63A8AC022A17C81C00D312D9 /* BookInfoRouter.swift in Sources */ = {isa = PBXBuildFile; fileRef = 63A8AC012A17C81C00D312D9 /* BookInfoRouter.swift */; };
		63A8AC042A17C8B400D312D9 /* BookInfoPresenter.swift in Sources */ = {isa = PBXBuildFile; fileRef = 63A8AC032A17C8B400D312D9 /* BookInfoPresenter.swift */; };
		63A8AC062A17C94600D312D9 /* BookInfoViewController.swift in Sources */ = {isa = PBXBuildFile; fileRef = 63A8AC052A17C94600D312D9 /* BookInfoViewController.swift */; };
		63AF053829FAA936002CC96D /* AppDelegate.swift in Sources */ = {isa = PBXBuildFile; fileRef = 63AF053729FAA936002CC96D /* AppDelegate.swift */; };
		63AF053C29FAA936002CC96D /* MainViewController.swift in Sources */ = {isa = PBXBuildFile; fileRef = 63AF053B29FAA936002CC96D /* MainViewController.swift */; };
		63AF055329FAC31D002CC96D /* MainPresenter.swift in Sources */ = {isa = PBXBuildFile; fileRef = 63AF055229FAC31D002CC96D /* MainPresenter.swift */; };
		63AF055529FAC335002CC96D /* MainRouter.swift in Sources */ = {isa = PBXBuildFile; fileRef = 63AF055429FAC335002CC96D /* MainRouter.swift */; };
		63AF055729FAC353002CC96D /* MainInteractor.swift in Sources */ = {isa = PBXBuildFile; fileRef = 63AF055629FAC353002CC96D /* MainInteractor.swift */; };
		63AF055929FAC36D002CC96D /* MainAssembly.swift in Sources */ = {isa = PBXBuildFile; fileRef = 63AF055829FAC36D002CC96D /* MainAssembly.swift */; };
		63AF055C29FAC692002CC96D /* LibraryViewController.swift in Sources */ = {isa = PBXBuildFile; fileRef = 63AF055B29FAC692002CC96D /* LibraryViewController.swift */; };
		63AF055E29FAC6A4002CC96D /* LibraryPresenter.swift in Sources */ = {isa = PBXBuildFile; fileRef = 63AF055D29FAC6A4002CC96D /* LibraryPresenter.swift */; };
		63AF056029FAC6B7002CC96D /* LibraryRouter.swift in Sources */ = {isa = PBXBuildFile; fileRef = 63AF055F29FAC6B7002CC96D /* LibraryRouter.swift */; };
		63AF056229FAC6CC002CC96D /* LibraryInteractor.swift in Sources */ = {isa = PBXBuildFile; fileRef = 63AF056129FAC6CC002CC96D /* LibraryInteractor.swift */; };
		63AF056429FAC6DE002CC96D /* LibraryAssembly.swift in Sources */ = {isa = PBXBuildFile; fileRef = 63AF056329FAC6DE002CC96D /* LibraryAssembly.swift */; };
		63AF056629FD1C41002CC96D /* TabBarController.swift in Sources */ = {isa = PBXBuildFile; fileRef = 63AF056529FD1C41002CC96D /* TabBarController.swift */; };
		63AF056929FD52D0002CC96D /* SnapKit in Frameworks */ = {isa = PBXBuildFile; productRef = 63AF056829FD52D0002CC96D /* SnapKit */; };
		63AF056D29FD57DD002CC96D /* ListSection.swift in Sources */ = {isa = PBXBuildFile; fileRef = 63AF056C29FD57DD002CC96D /* ListSection.swift */; };
		63AF056F29FD60AD002CC96D /* ArtisticLiteratureCollectionViewCell.swift in Sources */ = {isa = PBXBuildFile; fileRef = 63AF056E29FD60AD002CC96D /* ArtisticLiteratureCollectionViewCell.swift */; };
		63AF05732A006B91002CC96D /* ScreenSize.swift in Sources */ = {isa = PBXBuildFile; fileRef = 63AF05722A006B91002CC96D /* ScreenSize.swift */; };
		63AF05752A0178CE002CC96D /* GenreCollectionViewHeaderReusableView.swift in Sources */ = {isa = PBXBuildFile; fileRef = 63AF05742A0178CE002CC96D /* GenreCollectionViewHeaderReusableView.swift */; };
		63AF05782A017E5C002CC96D /* NonFictionCollectionViewCell.swift in Sources */ = {isa = PBXBuildFile; fileRef = 63AF05772A017E5C002CC96D /* NonFictionCollectionViewCell.swift */; };
		63AF057A2A017E98002CC96D /* ChildrenLiteratureCollectionViewCell.swift in Sources */ = {isa = PBXBuildFile; fileRef = 63AF05792A017E98002CC96D /* ChildrenLiteratureCollectionViewCell.swift */; };
		63BC2C212A3C86E20044DF66 /* APITests.swift in Sources */ = {isa = PBXBuildFile; fileRef = 63BC2C202A3C86E20044DF66 /* APITests.swift */; };
		63CE83912A2CFE33001C6DD2 /* CustomSpinner.swift in Sources */ = {isa = PBXBuildFile; fileRef = 63CE83902A2CFE33001C6DD2 /* CustomSpinner.swift */; };
		63EA65CE2A31FDCA00D7DC15 /* BooksModel.swift in Sources */ = {isa = PBXBuildFile; fileRef = 63EA65CD2A31FDCA00D7DC15 /* BooksModel.swift */; };
/* End PBXBuildFile section */

/* Begin PBXContainerItemProxy section */
		63BC2C222A3C86E30044DF66 /* PBXContainerItemProxy */ = {
			isa = PBXContainerItemProxy;
			containerPortal = 63AF052C29FAA936002CC96D /* Project object */;
			proxyType = 1;
			remoteGlobalIDString = 63AF053329FAA936002CC96D;
			remoteInfo = myLibri;
		};
/* End PBXContainerItemProxy section */

/* Begin PBXFileReference section */
		631D6AAB2A3E445D00AD6837 /* EndpointPath.swift */ = {isa = PBXFileReference; lastKnownFileType = sourcecode.swift; path = EndpointPath.swift; sourceTree = "<group>"; };
		631D6ABA2A3F221400AD6837 /* NetworkError.swift */ = {isa = PBXFileReference; lastKnownFileType = sourcecode.swift; path = NetworkError.swift; sourceTree = "<group>"; };
		635F7B362A03D65A005372AD /* ListItem.swift */ = {isa = PBXFileReference; lastKnownFileType = sourcecode.swift; path = ListItem.swift; sourceTree = "<group>"; };
		635F7B382A03D69F005372AD /* GenreData.swift */ = {isa = PBXFileReference; lastKnownFileType = sourcecode.swift; path = GenreData.swift; sourceTree = "<group>"; };
		635F7B3B2A055FF0005372AD /* GenreViewController.swift */ = {isa = PBXFileReference; lastKnownFileType = sourcecode.swift; path = GenreViewController.swift; sourceTree = "<group>"; };
		635F7B3D2A056065005372AD /* GenrePresenter.swift */ = {isa = PBXFileReference; lastKnownFileType = sourcecode.swift; path = GenrePresenter.swift; sourceTree = "<group>"; };
		635F7B3F2A0560BC005372AD /* GenreRouter.swift */ = {isa = PBXFileReference; lastKnownFileType = sourcecode.swift; path = GenreRouter.swift; sourceTree = "<group>"; };
		635F7B412A05617D005372AD /* GenreInteractor.swift */ = {isa = PBXFileReference; lastKnownFileType = sourcecode.swift; path = GenreInteractor.swift; sourceTree = "<group>"; };
		635F7B432A056210005372AD /* GenreAssembly.swift */ = {isa = PBXFileReference; lastKnownFileType = sourcecode.swift; path = GenreAssembly.swift; sourceTree = "<group>"; };
		6386095A2A0C008100C5F589 /* Book.xcdatamodel */ = {isa = PBXFileReference; lastKnownFileType = wrapper.xcdatamodel; path = Book.xcdatamodel; sourceTree = "<group>"; };
		6386095C2A0C019200C5F589 /* SavedBook+CoreDataClass.swift */ = {isa = PBXFileReference; lastKnownFileType = sourcecode.swift; path = "SavedBook+CoreDataClass.swift"; sourceTree = SOURCE_ROOT; };
		6386095D2A0C019200C5F589 /* SavedBook+CoreDataProperties.swift */ = {isa = PBXFileReference; lastKnownFileType = sourcecode.swift; path = "SavedBook+CoreDataProperties.swift"; sourceTree = SOURCE_ROOT; };
		638609602A0C022800C5F589 /* CoreDataManager.swift */ = {isa = PBXFileReference; lastKnownFileType = sourcecode.swift; path = CoreDataManager.swift; sourceTree = "<group>"; };
		63A8ABF42A161CEB00D312D9 /* BooksMarket.swift */ = {isa = PBXFileReference; lastKnownFileType = sourcecode.swift; path = BooksMarket.swift; sourceTree = "<group>"; };
		63A8ABF62A16237300D312D9 /* BooksStructDecode.swift */ = {isa = PBXFileReference; lastKnownFileType = sourcecode.swift; path = BooksStructDecode.swift; sourceTree = "<group>"; };
		63A8ABF82A1645D100D312D9 /* BooksCollectionViewCell.swift */ = {isa = PBXFileReference; lastKnownFileType = sourcecode.swift; path = BooksCollectionViewCell.swift; sourceTree = "<group>"; };
		63A8ABFD2A17C6F500D312D9 /* BookInfoAssembly.swift */ = {isa = PBXFileReference; lastKnownFileType = sourcecode.swift; path = BookInfoAssembly.swift; sourceTree = "<group>"; };
		63A8ABFF2A17C7CC00D312D9 /* BookInfoInteractor.swift */ = {isa = PBXFileReference; lastKnownFileType = sourcecode.swift; path = BookInfoInteractor.swift; sourceTree = "<group>"; };
		63A8AC012A17C81C00D312D9 /* BookInfoRouter.swift */ = {isa = PBXFileReference; lastKnownFileType = sourcecode.swift; path = BookInfoRouter.swift; sourceTree = "<group>"; };
		63A8AC032A17C8B400D312D9 /* BookInfoPresenter.swift */ = {isa = PBXFileReference; lastKnownFileType = sourcecode.swift; path = BookInfoPresenter.swift; sourceTree = "<group>"; };
		63A8AC052A17C94600D312D9 /* BookInfoViewController.swift */ = {isa = PBXFileReference; lastKnownFileType = sourcecode.swift; path = BookInfoViewController.swift; sourceTree = "<group>"; };
		63AF053429FAA936002CC96D /* myLibri.app */ = {isa = PBXFileReference; explicitFileType = wrapper.application; includeInIndex = 0; path = myLibri.app; sourceTree = BUILT_PRODUCTS_DIR; };
		63AF053729FAA936002CC96D /* AppDelegate.swift */ = {isa = PBXFileReference; lastKnownFileType = sourcecode.swift; path = AppDelegate.swift; sourceTree = "<group>"; };
		63AF053B29FAA936002CC96D /* MainViewController.swift */ = {isa = PBXFileReference; lastKnownFileType = sourcecode.swift; path = MainViewController.swift; sourceTree = "<group>"; };
		63AF054029FAA93A002CC96D /* Assets.xcassets */ = {isa = PBXFileReference; lastKnownFileType = folder.assetcatalog; path = Assets.xcassets; sourceTree = "<group>"; };
		63AF054329FAA93A002CC96D /* Base */ = {isa = PBXFileReference; lastKnownFileType = file.storyboard; name = Base; path = Base.lproj/LaunchScreen.storyboard; sourceTree = "<group>"; };
		63AF054529FAA93A002CC96D /* Info.plist */ = {isa = PBXFileReference; lastKnownFileType = text.plist.xml; path = Info.plist; sourceTree = "<group>"; };
		63AF055229FAC31D002CC96D /* MainPresenter.swift */ = {isa = PBXFileReference; lastKnownFileType = sourcecode.swift; path = MainPresenter.swift; sourceTree = "<group>"; };
		63AF055429FAC335002CC96D /* MainRouter.swift */ = {isa = PBXFileReference; lastKnownFileType = sourcecode.swift; path = MainRouter.swift; sourceTree = "<group>"; };
		63AF055629FAC353002CC96D /* MainInteractor.swift */ = {isa = PBXFileReference; lastKnownFileType = sourcecode.swift; path = MainInteractor.swift; sourceTree = "<group>"; };
		63AF055829FAC36D002CC96D /* MainAssembly.swift */ = {isa = PBXFileReference; lastKnownFileType = sourcecode.swift; path = MainAssembly.swift; sourceTree = "<group>"; };
		63AF055B29FAC692002CC96D /* LibraryViewController.swift */ = {isa = PBXFileReference; lastKnownFileType = sourcecode.swift; path = LibraryViewController.swift; sourceTree = "<group>"; };
		63AF055D29FAC6A4002CC96D /* LibraryPresenter.swift */ = {isa = PBXFileReference; lastKnownFileType = sourcecode.swift; path = LibraryPresenter.swift; sourceTree = "<group>"; };
		63AF055F29FAC6B7002CC96D /* LibraryRouter.swift */ = {isa = PBXFileReference; lastKnownFileType = sourcecode.swift; path = LibraryRouter.swift; sourceTree = "<group>"; };
		63AF056129FAC6CC002CC96D /* LibraryInteractor.swift */ = {isa = PBXFileReference; lastKnownFileType = sourcecode.swift; path = LibraryInteractor.swift; sourceTree = "<group>"; };
		63AF056329FAC6DE002CC96D /* LibraryAssembly.swift */ = {isa = PBXFileReference; lastKnownFileType = sourcecode.swift; path = LibraryAssembly.swift; sourceTree = "<group>"; };
		63AF056529FD1C41002CC96D /* TabBarController.swift */ = {isa = PBXFileReference; lastKnownFileType = sourcecode.swift; path = TabBarController.swift; sourceTree = "<group>"; };
		63AF056C29FD57DD002CC96D /* ListSection.swift */ = {isa = PBXFileReference; lastKnownFileType = sourcecode.swift; path = ListSection.swift; sourceTree = "<group>"; };
		63AF056E29FD60AD002CC96D /* ArtisticLiteratureCollectionViewCell.swift */ = {isa = PBXFileReference; lastKnownFileType = sourcecode.swift; path = ArtisticLiteratureCollectionViewCell.swift; sourceTree = "<group>"; };
		63AF05722A006B91002CC96D /* ScreenSize.swift */ = {isa = PBXFileReference; lastKnownFileType = sourcecode.swift; path = ScreenSize.swift; sourceTree = "<group>"; };
		63AF05742A0178CE002CC96D /* GenreCollectionViewHeaderReusableView.swift */ = {isa = PBXFileReference; lastKnownFileType = sourcecode.swift; path = GenreCollectionViewHeaderReusableView.swift; sourceTree = "<group>"; };
		63AF05772A017E5C002CC96D /* NonFictionCollectionViewCell.swift */ = {isa = PBXFileReference; lastKnownFileType = sourcecode.swift; path = NonFictionCollectionViewCell.swift; sourceTree = "<group>"; };
		63AF05792A017E98002CC96D /* ChildrenLiteratureCollectionViewCell.swift */ = {isa = PBXFileReference; lastKnownFileType = sourcecode.swift; path = ChildrenLiteratureCollectionViewCell.swift; sourceTree = "<group>"; };
		63BC2C1E2A3C86E20044DF66 /* myLibriTests.xctest */ = {isa = PBXFileReference; explicitFileType = wrapper.cfbundle; includeInIndex = 0; path = myLibriTests.xctest; sourceTree = BUILT_PRODUCTS_DIR; };
		63BC2C202A3C86E20044DF66 /* APITests.swift */ = {isa = PBXFileReference; lastKnownFileType = sourcecode.swift; path = APITests.swift; sourceTree = "<group>"; };
		63CE83902A2CFE33001C6DD2 /* CustomSpinner.swift */ = {isa = PBXFileReference; lastKnownFileType = sourcecode.swift; path = CustomSpinner.swift; sourceTree = "<group>"; };
		63E321442A4875B7007A2ED3 /* myLibri.xctestplan */ = {isa = PBXFileReference; lastKnownFileType = text; path = myLibri.xctestplan; sourceTree = "<group>"; };
		63EA65CD2A31FDCA00D7DC15 /* BooksModel.swift */ = {isa = PBXFileReference; lastKnownFileType = sourcecode.swift; path = BooksModel.swift; sourceTree = "<group>"; };
/* End PBXFileReference section */

/* Begin PBXFrameworksBuildPhase section */
		63AF053129FAA936002CC96D /* Frameworks */ = {
			isa = PBXFrameworksBuildPhase;
			buildActionMask = 2147483647;
			files = (
				63AF056929FD52D0002CC96D /* SnapKit in Frameworks */,
			);
			runOnlyForDeploymentPostprocessing = 0;
		};
		63BC2C1B2A3C86E20044DF66 /* Frameworks */ = {
			isa = PBXFrameworksBuildPhase;
			buildActionMask = 2147483647;
			files = (
			);
			runOnlyForDeploymentPostprocessing = 0;
		};
/* End PBXFrameworksBuildPhase section */

/* Begin PBXGroup section */
		635F7B3A2A055FA6005372AD /* GenreModule */ = {
			isa = PBXGroup;
			children = (
				635F7B432A056210005372AD /* GenreAssembly.swift */,
				635F7B412A05617D005372AD /* GenreInteractor.swift */,
				635F7B3F2A0560BC005372AD /* GenreRouter.swift */,
				635F7B3D2A056065005372AD /* GenrePresenter.swift */,
				635F7B3B2A055FF0005372AD /* GenreViewController.swift */,
			);
			path = GenreModule;
			sourceTree = "<group>";
		};
		635F7B452A05637F005372AD /* ViewsForMainModule */ = {
			isa = PBXGroup;
			children = (
				63A8ABFB2A16465100D312D9 /* UICollectionReusableView */,
				63A8ABFA2A16460C00D312D9 /* UICollectionViewCells */,
			);
			path = ViewsForMainModule;
			sourceTree = "<group>";
		};
		638609582A0C001F00C5F589 /* Core Data */ = {
			isa = PBXGroup;
			children = (
				638609602A0C022800C5F589 /* CoreDataManager.swift */,
				6386095C2A0C019200C5F589 /* SavedBook+CoreDataClass.swift */,
				6386095D2A0C019200C5F589 /* SavedBook+CoreDataProperties.swift */,
				638609592A0C008100C5F589 /* SavedBook.xcdatamodeld */,
			);
			path = "Core Data";
			sourceTree = "<group>";
		};
		638609622A13B8CA00C5F589 /* ViewsForGenreModule */ = {
			isa = PBXGroup;
			children = (
				63A8ABF82A1645D100D312D9 /* BooksCollectionViewCell.swift */,
				63CE83902A2CFE33001C6DD2 /* CustomSpinner.swift */,
			);
			path = ViewsForGenreModule;
			sourceTree = "<group>";
		};
		63A8ABED2A153F8100D312D9 /* API */ = {
			isa = PBXGroup;
			children = (
				63A8ABF42A161CEB00D312D9 /* BooksMarket.swift */,
				631D6AAB2A3E445D00AD6837 /* EndpointPath.swift */,
				631D6ABA2A3F221400AD6837 /* NetworkError.swift */,
				63A8ABF62A16237300D312D9 /* BooksStructDecode.swift */,
			);
			path = API;
			sourceTree = "<group>";
		};
		63A8ABFA2A16460C00D312D9 /* UICollectionViewCells */ = {
			isa = PBXGroup;
			children = (
				63AF056E29FD60AD002CC96D /* ArtisticLiteratureCollectionViewCell.swift */,
				63AF05792A017E98002CC96D /* ChildrenLiteratureCollectionViewCell.swift */,
				63AF05772A017E5C002CC96D /* NonFictionCollectionViewCell.swift */,
			);
			path = UICollectionViewCells;
			sourceTree = "<group>";
		};
		63A8ABFB2A16465100D312D9 /* UICollectionReusableView */ = {
			isa = PBXGroup;
			children = (
				63AF05742A0178CE002CC96D /* GenreCollectionViewHeaderReusableView.swift */,
			);
			path = UICollectionReusableView;
			sourceTree = "<group>";
		};
		63A8ABFC2A17C6C000D312D9 /* BookInfoModule */ = {
			isa = PBXGroup;
			children = (
				63A8ABFD2A17C6F500D312D9 /* BookInfoAssembly.swift */,
				63A8ABFF2A17C7CC00D312D9 /* BookInfoInteractor.swift */,
				63A8AC012A17C81C00D312D9 /* BookInfoRouter.swift */,
				63A8AC032A17C8B400D312D9 /* BookInfoPresenter.swift */,
				63A8AC052A17C94600D312D9 /* BookInfoViewController.swift */,
			);
			path = BookInfoModule;
			sourceTree = "<group>";
		};
		63AF052B29FAA936002CC96D = {
			isa = PBXGroup;
			children = (
				63AF053629FAA936002CC96D /* myLibri */,
				63BC2C1F2A3C86E20044DF66 /* myLibriTests */,
				63AF053529FAA936002CC96D /* Products */,
			);
			sourceTree = "<group>";
		};
		63AF053529FAA936002CC96D /* Products */ = {
			isa = PBXGroup;
			children = (
				63AF053429FAA936002CC96D /* myLibri.app */,
				63BC2C1E2A3C86E20044DF66 /* myLibriTests.xctest */,
			);
			name = Products;
			sourceTree = "<group>";
		};
		63AF053629FAA936002CC96D /* myLibri */ = {
			isa = PBXGroup;
			children = (
				63A8ABED2A153F8100D312D9 /* API */,
				63AF054F29FAC215002CC96D /* Application */,
				638609582A0C001F00C5F589 /* Core Data */,
				63AF054E29FAC1FB002CC96D /* Entities */,
				63AF054D29FAC1E8002CC96D /* Modules */,
				63AF054C29FAC128002CC96D /* Resources */,
				63AF055129FAC251002CC96D /* Views */,
			);
			path = myLibri;
			sourceTree = "<group>";
		};
		63AF054C29FAC128002CC96D /* Resources */ = {
			isa = PBXGroup;
			children = (
				63AF054029FAA93A002CC96D /* Assets.xcassets */,
				63AF054229FAA93A002CC96D /* LaunchScreen.storyboard */,
				63AF054529FAA93A002CC96D /* Info.plist */,
			);
			path = Resources;
			sourceTree = "<group>";
		};
		63AF054D29FAC1E8002CC96D /* Modules */ = {
			isa = PBXGroup;
			children = (
				63A8ABFC2A17C6C000D312D9 /* BookInfoModule */,
				635F7B3A2A055FA6005372AD /* GenreModule */,
				63AF055A29FAC631002CC96D /* LibraryModule */,
				63AF055029FAC23C002CC96D /* MainModule */,
			);
			path = Modules;
			sourceTree = "<group>";
		};
		63AF054E29FAC1FB002CC96D /* Entities */ = {
			isa = PBXGroup;
			children = (
				635F7B382A03D69F005372AD /* GenreData.swift */,
				635F7B362A03D65A005372AD /* ListItem.swift */,
				63AF056C29FD57DD002CC96D /* ListSection.swift */,
				63AF05722A006B91002CC96D /* ScreenSize.swift */,
				63EA65CD2A31FDCA00D7DC15 /* BooksModel.swift */,
			);
			path = Entities;
			sourceTree = "<group>";
		};
		63AF054F29FAC215002CC96D /* Application */ = {
			isa = PBXGroup;
			children = (
				63AF053729FAA936002CC96D /* AppDelegate.swift */,
				63AF056529FD1C41002CC96D /* TabBarController.swift */,
			);
			path = Application;
			sourceTree = "<group>";
		};
		63AF055029FAC23C002CC96D /* MainModule */ = {
			isa = PBXGroup;
			children = (
				63AF055829FAC36D002CC96D /* MainAssembly.swift */,
				63AF055629FAC353002CC96D /* MainInteractor.swift */,
				63AF055429FAC335002CC96D /* MainRouter.swift */,
				63AF055229FAC31D002CC96D /* MainPresenter.swift */,
				63AF053B29FAA936002CC96D /* MainViewController.swift */,
			);
			path = MainModule;
			sourceTree = "<group>";
		};
		63AF055129FAC251002CC96D /* Views */ = {
			isa = PBXGroup;
			children = (
				638609622A13B8CA00C5F589 /* ViewsForGenreModule */,
				635F7B452A05637F005372AD /* ViewsForMainModule */,
			);
			path = Views;
			sourceTree = "<group>";
		};
		63AF055A29FAC631002CC96D /* LibraryModule */ = {
			isa = PBXGroup;
			children = (
				63AF056329FAC6DE002CC96D /* LibraryAssembly.swift */,
				63AF056129FAC6CC002CC96D /* LibraryInteractor.swift */,
				63AF055F29FAC6B7002CC96D /* LibraryRouter.swift */,
				63AF055D29FAC6A4002CC96D /* LibraryPresenter.swift */,
				63AF055B29FAC692002CC96D /* LibraryViewController.swift */,
			);
			path = LibraryModule;
			sourceTree = "<group>";
		};
		63BC2C1F2A3C86E20044DF66 /* myLibriTests */ = {
			isa = PBXGroup;
			children = (
				63E321442A4875B7007A2ED3 /* myLibri.xctestplan */,
				63BC2C202A3C86E20044DF66 /* APITests.swift */,
			);
			path = myLibriTests;
			sourceTree = "<group>";
		};
/* End PBXGroup section */

/* Begin PBXNativeTarget section */
		63AF053329FAA936002CC96D /* myLibri */ = {
			isa = PBXNativeTarget;
			buildConfigurationList = 63AF054829FAA93A002CC96D /* Build configuration list for PBXNativeTarget "myLibri" */;
			buildPhases = (
				63AF053029FAA936002CC96D /* Sources */,
				63AF053129FAA936002CC96D /* Frameworks */,
				63AF053229FAA936002CC96D /* Resources */,
			);
			buildRules = (
			);
			dependencies = (
			);
			name = myLibri;
			packageProductDependencies = (
				63AF056829FD52D0002CC96D /* SnapKit */,
			);
			productName = myLibri;
			productReference = 63AF053429FAA936002CC96D /* myLibri.app */;
			productType = "com.apple.product-type.application";
		};
		63BC2C1D2A3C86E20044DF66 /* myLibriTests */ = {
			isa = PBXNativeTarget;
			buildConfigurationList = 63BC2C262A3C86E30044DF66 /* Build configuration list for PBXNativeTarget "myLibriTests" */;
			buildPhases = (
				63BC2C1A2A3C86E20044DF66 /* Sources */,
				63BC2C1B2A3C86E20044DF66 /* Frameworks */,
				63BC2C1C2A3C86E20044DF66 /* Resources */,
			);
			buildRules = (
			);
			dependencies = (
				63BC2C232A3C86E30044DF66 /* PBXTargetDependency */,
			);
			name = myLibriTests;
			productName = myLibriTests;
			productReference = 63BC2C1E2A3C86E20044DF66 /* myLibriTests.xctest */;
			productType = "com.apple.product-type.bundle.unit-test";
		};
/* End PBXNativeTarget section */

/* Begin PBXProject section */
		63AF052C29FAA936002CC96D /* Project object */ = {
			isa = PBXProject;
			attributes = {
				BuildIndependentTargetsInParallel = 1;
				LastSwiftUpdateCheck = 1430;
				LastUpgradeCheck = 1420;
				TargetAttributes = {
					63AF053329FAA936002CC96D = {
						CreatedOnToolsVersion = 14.2;
					};
					63BC2C1D2A3C86E20044DF66 = {
						CreatedOnToolsVersion = 14.3.1;
						TestTargetID = 63AF053329FAA936002CC96D;
					};
				};
			};
			buildConfigurationList = 63AF052F29FAA936002CC96D /* Build configuration list for PBXProject "myLibri" */;
			compatibilityVersion = "Xcode 14.0";
			developmentRegion = en;
			hasScannedForEncodings = 0;
			knownRegions = (
				en,
				Base,
			);
			mainGroup = 63AF052B29FAA936002CC96D;
			packageReferences = (
				63AF056729FD52D0002CC96D /* XCRemoteSwiftPackageReference "SnapKit" */,
			);
			productRefGroup = 63AF053529FAA936002CC96D /* Products */;
			projectDirPath = "";
			projectRoot = "";
			targets = (
				63AF053329FAA936002CC96D /* myLibri */,
				63BC2C1D2A3C86E20044DF66 /* myLibriTests */,
			);
		};
/* End PBXProject section */

/* Begin PBXResourcesBuildPhase section */
		63AF053229FAA936002CC96D /* Resources */ = {
			isa = PBXResourcesBuildPhase;
			buildActionMask = 2147483647;
			files = (
				638609562A0BFF6600C5F589 /* LaunchScreen.storyboard in Resources */,
				638609552A0BFF0D00C5F589 /* Assets.xcassets in Resources */,
			);
			runOnlyForDeploymentPostprocessing = 0;
		};
		63BC2C1C2A3C86E20044DF66 /* Resources */ = {
			isa = PBXResourcesBuildPhase;
			buildActionMask = 2147483647;
			files = (
			);
			runOnlyForDeploymentPostprocessing = 0;
		};
/* End PBXResourcesBuildPhase section */

/* Begin PBXSourcesBuildPhase section */
		63AF053029FAA936002CC96D /* Sources */ = {
			isa = PBXSourcesBuildPhase;
			buildActionMask = 2147483647;
			files = (
				635F7B372A03D65A005372AD /* ListItem.swift in Sources */,
				63AF053C29FAA936002CC96D /* MainViewController.swift in Sources */,
				63A8AC022A17C81C00D312D9 /* BookInfoRouter.swift in Sources */,
				63AF056029FAC6B7002CC96D /* LibraryRouter.swift in Sources */,
				63AF055529FAC335002CC96D /* MainRouter.swift in Sources */,
				635F7B422A05617D005372AD /* GenreInteractor.swift in Sources */,
				63A8ABF52A161CEB00D312D9 /* BooksMarket.swift in Sources */,
				635F7B442A056210005372AD /* GenreAssembly.swift in Sources */,
				63AF055329FAC31D002CC96D /* MainPresenter.swift in Sources */,
				63EA65CE2A31FDCA00D7DC15 /* BooksModel.swift in Sources */,
				63A8AC062A17C94600D312D9 /* BookInfoViewController.swift in Sources */,
				63AF055729FAC353002CC96D /* MainInteractor.swift in Sources */,
				635F7B3E2A056065005372AD /* GenrePresenter.swift in Sources */,
				63AF055C29FAC692002CC96D /* LibraryViewController.swift in Sources */,
				6386095E2A0C019200C5F589 /* SavedBook+CoreDataClass.swift in Sources */,
				63AF057A2A017E98002CC96D /* ChildrenLiteratureCollectionViewCell.swift in Sources */,
				63AF056D29FD57DD002CC96D /* ListSection.swift in Sources */,
				6386095F2A0C019200C5F589 /* SavedBook+CoreDataProperties.swift in Sources */,
				63A8ABF72A16237300D312D9 /* BooksStructDecode.swift in Sources */,
				63AF056F29FD60AD002CC96D /* ArtisticLiteratureCollectionViewCell.swift in Sources */,
				63AF055929FAC36D002CC96D /* MainAssembly.swift in Sources */,
				63AF055E29FAC6A4002CC96D /* LibraryPresenter.swift in Sources */,
				631D6ABB2A3F221400AD6837 /* NetworkError.swift in Sources */,
				63AF056229FAC6CC002CC96D /* LibraryInteractor.swift in Sources */,
				63CE83912A2CFE33001C6DD2 /* CustomSpinner.swift in Sources */,
				63AF05752A0178CE002CC96D /* GenreCollectionViewHeaderReusableView.swift in Sources */,
				63AF056629FD1C41002CC96D /* TabBarController.swift in Sources */,
				6386095B2A0C008100C5F589 /* SavedBook.xcdatamodeld in Sources */,
				63A8AC002A17C7CC00D312D9 /* BookInfoInteractor.swift in Sources */,
				63AF056429FAC6DE002CC96D /* LibraryAssembly.swift in Sources */,
				638609612A0C022800C5F589 /* CoreDataManager.swift in Sources */,
				635F7B3C2A055FF0005372AD /* GenreViewController.swift in Sources */,
				635F7B392A03D69F005372AD /* GenreData.swift in Sources */,
				63A8AC042A17C8B400D312D9 /* BookInfoPresenter.swift in Sources */,
				63AF05782A017E5C002CC96D /* NonFictionCollectionViewCell.swift in Sources */,
				63AF053829FAA936002CC96D /* AppDelegate.swift in Sources */,
				63A8ABF92A1645D100D312D9 /* BooksCollectionViewCell.swift in Sources */,
				63A8ABFE2A17C6F500D312D9 /* BookInfoAssembly.swift in Sources */,
				635F7B402A0560BC005372AD /* GenreRouter.swift in Sources */,
				63AF05732A006B91002CC96D /* ScreenSize.swift in Sources */,
				631D6AAC2A3E445D00AD6837 /* EndpointPath.swift in Sources */,
			);
			runOnlyForDeploymentPostprocessing = 0;
		};
		63BC2C1A2A3C86E20044DF66 /* Sources */ = {
			isa = PBXSourcesBuildPhase;
			buildActionMask = 2147483647;
			files = (
				63BC2C212A3C86E20044DF66 /* APITests.swift in Sources */,
			);
			runOnlyForDeploymentPostprocessing = 0;
		};
/* End PBXSourcesBuildPhase section */

/* Begin PBXTargetDependency section */
		63BC2C232A3C86E30044DF66 /* PBXTargetDependency */ = {
			isa = PBXTargetDependency;
			target = 63AF053329FAA936002CC96D /* myLibri */;
			targetProxy = 63BC2C222A3C86E30044DF66 /* PBXContainerItemProxy */;
		};
/* End PBXTargetDependency section */

/* Begin PBXVariantGroup section */
		63AF054229FAA93A002CC96D /* LaunchScreen.storyboard */ = {
			isa = PBXVariantGroup;
			children = (
				63AF054329FAA93A002CC96D /* Base */,
			);
			name = LaunchScreen.storyboard;
			sourceTree = "<group>";
		};
/* End PBXVariantGroup section */

/* Begin XCBuildConfiguration section */
		63AF054629FAA93A002CC96D /* Debug */ = {
			isa = XCBuildConfiguration;
			buildSettings = {
				ALWAYS_SEARCH_USER_PATHS = NO;
				CLANG_ANALYZER_NONNULL = YES;
				CLANG_ANALYZER_NUMBER_OBJECT_CONVERSION = YES_AGGRESSIVE;
				CLANG_CXX_LANGUAGE_STANDARD = "gnu++20";
				CLANG_ENABLE_MODULES = YES;
				CLANG_ENABLE_OBJC_ARC = YES;
				CLANG_ENABLE_OBJC_WEAK = YES;
				CLANG_WARN_BLOCK_CAPTURE_AUTORELEASING = YES;
				CLANG_WARN_BOOL_CONVERSION = YES;
				CLANG_WARN_COMMA = YES;
				CLANG_WARN_CONSTANT_CONVERSION = YES;
				CLANG_WARN_DEPRECATED_OBJC_IMPLEMENTATIONS = YES;
				CLANG_WARN_DIRECT_OBJC_ISA_USAGE = YES_ERROR;
				CLANG_WARN_DOCUMENTATION_COMMENTS = YES;
				CLANG_WARN_EMPTY_BODY = YES;
				CLANG_WARN_ENUM_CONVERSION = YES;
				CLANG_WARN_INFINITE_RECURSION = YES;
				CLANG_WARN_INT_CONVERSION = YES;
				CLANG_WARN_NON_LITERAL_NULL_CONVERSION = YES;
				CLANG_WARN_OBJC_IMPLICIT_RETAIN_SELF = YES;
				CLANG_WARN_OBJC_LITERAL_CONVERSION = YES;
				CLANG_WARN_OBJC_ROOT_CLASS = YES_ERROR;
				CLANG_WARN_QUOTED_INCLUDE_IN_FRAMEWORK_HEADER = YES;
				CLANG_WARN_RANGE_LOOP_ANALYSIS = YES;
				CLANG_WARN_STRICT_PROTOTYPES = YES;
				CLANG_WARN_SUSPICIOUS_MOVE = YES;
				CLANG_WARN_UNGUARDED_AVAILABILITY = YES_AGGRESSIVE;
				CLANG_WARN_UNREACHABLE_CODE = YES;
				CLANG_WARN__DUPLICATE_METHOD_MATCH = YES;
				COPY_PHASE_STRIP = NO;
				DEBUG_INFORMATION_FORMAT = dwarf;
				ENABLE_STRICT_OBJC_MSGSEND = YES;
				ENABLE_TESTABILITY = YES;
				GCC_C_LANGUAGE_STANDARD = gnu11;
				GCC_DYNAMIC_NO_PIC = NO;
				GCC_NO_COMMON_BLOCKS = YES;
				GCC_OPTIMIZATION_LEVEL = 0;
				GCC_PREPROCESSOR_DEFINITIONS = (
					"DEBUG=1",
					"$(inherited)",
				);
				GCC_WARN_64_TO_32_BIT_CONVERSION = YES;
				GCC_WARN_ABOUT_RETURN_TYPE = YES_ERROR;
				GCC_WARN_UNDECLARED_SELECTOR = YES;
				GCC_WARN_UNINITIALIZED_AUTOS = YES_AGGRESSIVE;
				GCC_WARN_UNUSED_FUNCTION = YES;
				GCC_WARN_UNUSED_VARIABLE = YES;
				IPHONEOS_DEPLOYMENT_TARGET = 16.2;
				MTL_ENABLE_DEBUG_INFO = INCLUDE_SOURCE;
				MTL_FAST_MATH = YES;
				ONLY_ACTIVE_ARCH = YES;
				SDKROOT = iphoneos;
				SWIFT_ACTIVE_COMPILATION_CONDITIONS = DEBUG;
				SWIFT_OPTIMIZATION_LEVEL = "-Onone";
			};
			name = Debug;
		};
		63AF054729FAA93A002CC96D /* Release */ = {
			isa = XCBuildConfiguration;
			buildSettings = {
				ALWAYS_SEARCH_USER_PATHS = NO;
				CLANG_ANALYZER_NONNULL = YES;
				CLANG_ANALYZER_NUMBER_OBJECT_CONVERSION = YES_AGGRESSIVE;
				CLANG_CXX_LANGUAGE_STANDARD = "gnu++20";
				CLANG_ENABLE_MODULES = YES;
				CLANG_ENABLE_OBJC_ARC = YES;
				CLANG_ENABLE_OBJC_WEAK = YES;
				CLANG_WARN_BLOCK_CAPTURE_AUTORELEASING = YES;
				CLANG_WARN_BOOL_CONVERSION = YES;
				CLANG_WARN_COMMA = YES;
				CLANG_WARN_CONSTANT_CONVERSION = YES;
				CLANG_WARN_DEPRECATED_OBJC_IMPLEMENTATIONS = YES;
				CLANG_WARN_DIRECT_OBJC_ISA_USAGE = YES_ERROR;
				CLANG_WARN_DOCUMENTATION_COMMENTS = YES;
				CLANG_WARN_EMPTY_BODY = YES;
				CLANG_WARN_ENUM_CONVERSION = YES;
				CLANG_WARN_INFINITE_RECURSION = YES;
				CLANG_WARN_INT_CONVERSION = YES;
				CLANG_WARN_NON_LITERAL_NULL_CONVERSION = YES;
				CLANG_WARN_OBJC_IMPLICIT_RETAIN_SELF = YES;
				CLANG_WARN_OBJC_LITERAL_CONVERSION = YES;
				CLANG_WARN_OBJC_ROOT_CLASS = YES_ERROR;
				CLANG_WARN_QUOTED_INCLUDE_IN_FRAMEWORK_HEADER = YES;
				CLANG_WARN_RANGE_LOOP_ANALYSIS = YES;
				CLANG_WARN_STRICT_PROTOTYPES = YES;
				CLANG_WARN_SUSPICIOUS_MOVE = YES;
				CLANG_WARN_UNGUARDED_AVAILABILITY = YES_AGGRESSIVE;
				CLANG_WARN_UNREACHABLE_CODE = YES;
				CLANG_WARN__DUPLICATE_METHOD_MATCH = YES;
				COPY_PHASE_STRIP = NO;
				DEBUG_INFORMATION_FORMAT = "dwarf-with-dsym";
				ENABLE_NS_ASSERTIONS = NO;
				ENABLE_STRICT_OBJC_MSGSEND = YES;
				GCC_C_LANGUAGE_STANDARD = gnu11;
				GCC_NO_COMMON_BLOCKS = YES;
				GCC_WARN_64_TO_32_BIT_CONVERSION = YES;
				GCC_WARN_ABOUT_RETURN_TYPE = YES_ERROR;
				GCC_WARN_UNDECLARED_SELECTOR = YES;
				GCC_WARN_UNINITIALIZED_AUTOS = YES_AGGRESSIVE;
				GCC_WARN_UNUSED_FUNCTION = YES;
				GCC_WARN_UNUSED_VARIABLE = YES;
				IPHONEOS_DEPLOYMENT_TARGET = 16.2;
				MTL_ENABLE_DEBUG_INFO = NO;
				MTL_FAST_MATH = YES;
				SDKROOT = iphoneos;
				SWIFT_COMPILATION_MODE = wholemodule;
				SWIFT_OPTIMIZATION_LEVEL = "-O";
				VALIDATE_PRODUCT = YES;
			};
			name = Release;
		};
		63AF054929FAA93A002CC96D /* Debug */ = {
			isa = XCBuildConfiguration;
			buildSettings = {
				ASSETCATALOG_COMPILER_APPICON_NAME = AppIcon;
				ASSETCATALOG_COMPILER_GLOBAL_ACCENT_COLOR_NAME = AccentColor;
				CODE_SIGN_STYLE = Automatic;
				CURRENT_PROJECT_VERSION = 1;
				DEVELOPMENT_TEAM = 69WKAUKZ3J;
				GENERATE_INFOPLIST_FILE = YES;
				INFOPLIST_FILE = myLibri/Resources/Info.plist;
				INFOPLIST_KEY_UIApplicationSupportsIndirectInputEvents = YES;
				INFOPLIST_KEY_UILaunchStoryboardName = LaunchScreen;
				INFOPLIST_KEY_UIRequiresFullScreen = YES;
				INFOPLIST_KEY_UISupportedInterfaceOrientations = UIInterfaceOrientationPortrait;
				IPHONEOS_DEPLOYMENT_TARGET = 14.0;
				LD_RUNPATH_SEARCH_PATHS = (
					"$(inherited)",
					"@executable_path/Frameworks",
				);
				MARKETING_VERSION = 1.0;
				PRODUCT_BUNDLE_IDENTIFIER = ru.Konashenko.myLibri;
				PRODUCT_NAME = "$(TARGET_NAME)";
				SUPPORTED_PLATFORMS = "iphoneos iphonesimulator";
				SUPPORTS_MACCATALYST = NO;
				SUPPORTS_MAC_DESIGNED_FOR_IPHONE_IPAD = NO;
				SWIFT_EMIT_LOC_STRINGS = YES;
				SWIFT_VERSION = 5.0;
				TARGETED_DEVICE_FAMILY = "1,2";
			};
			name = Debug;
		};
		63AF054A29FAA93A002CC96D /* Release */ = {
			isa = XCBuildConfiguration;
			buildSettings = {
				ASSETCATALOG_COMPILER_APPICON_NAME = AppIcon;
				ASSETCATALOG_COMPILER_GLOBAL_ACCENT_COLOR_NAME = AccentColor;
				CODE_SIGN_STYLE = Automatic;
				CURRENT_PROJECT_VERSION = 1;
				DEVELOPMENT_TEAM = 69WKAUKZ3J;
				GENERATE_INFOPLIST_FILE = YES;
				INFOPLIST_FILE = myLibri/Resources/Info.plist;
				INFOPLIST_KEY_UIApplicationSupportsIndirectInputEvents = YES;
				INFOPLIST_KEY_UILaunchStoryboardName = LaunchScreen;
				INFOPLIST_KEY_UIRequiresFullScreen = YES;
				INFOPLIST_KEY_UISupportedInterfaceOrientations = UIInterfaceOrientationPortrait;
				IPHONEOS_DEPLOYMENT_TARGET = 14.0;
				LD_RUNPATH_SEARCH_PATHS = (
					"$(inherited)",
					"@executable_path/Frameworks",
				);
				MARKETING_VERSION = 1.0;
				PRODUCT_BUNDLE_IDENTIFIER = ru.Konashenko.myLibri;
				PRODUCT_NAME = "$(TARGET_NAME)";
				SUPPORTED_PLATFORMS = "iphoneos iphonesimulator";
				SUPPORTS_MACCATALYST = NO;
				SUPPORTS_MAC_DESIGNED_FOR_IPHONE_IPAD = NO;
				SWIFT_EMIT_LOC_STRINGS = YES;
				SWIFT_VERSION = 5.0;
				TARGETED_DEVICE_FAMILY = "1,2";
			};
			name = Release;
		};
		63BC2C242A3C86E30044DF66 /* Debug */ = {
			isa = XCBuildConfiguration;
			buildSettings = {
				BUNDLE_LOADER = "$(TEST_HOST)";
				CODE_SIGN_STYLE = Automatic;
				CURRENT_PROJECT_VERSION = 1;
				DEVELOPMENT_TEAM = 69WKAUKZ3J;
				GENERATE_INFOPLIST_FILE = YES;
				IPHONEOS_DEPLOYMENT_TARGET = 16.4;
				MACOSX_DEPLOYMENT_TARGET = 13.3;
				MARKETING_VERSION = 1.0;
				PRODUCT_BUNDLE_IDENTIFIER = ru.konashenko.myLibriTests;
				PRODUCT_NAME = "$(TARGET_NAME)";
				SDKROOT = auto;
				SUPPORTED_PLATFORMS = "iphoneos iphonesimulator macosx";
				SWIFT_EMIT_LOC_STRINGS = NO;
				SWIFT_VERSION = 5.0;
				TARGETED_DEVICE_FAMILY = "1,2";
				TEST_HOST = "$(BUILT_PRODUCTS_DIR)/myLibri.app/$(BUNDLE_EXECUTABLE_FOLDER_PATH)/myLibri";
			};
			name = Debug;
		};
		63BC2C252A3C86E30044DF66 /* Release */ = {
			isa = XCBuildConfiguration;
			buildSettings = {
				BUNDLE_LOADER = "$(TEST_HOST)";
				CODE_SIGN_STYLE = Automatic;
				CURRENT_PROJECT_VERSION = 1;
				DEVELOPMENT_TEAM = 69WKAUKZ3J;
				GENERATE_INFOPLIST_FILE = YES;
				IPHONEOS_DEPLOYMENT_TARGET = 16.4;
				MACOSX_DEPLOYMENT_TARGET = 13.3;
				MARKETING_VERSION = 1.0;
				PRODUCT_BUNDLE_IDENTIFIER = ru.konashenko.myLibriTests;
				PRODUCT_NAME = "$(TARGET_NAME)";
				SDKROOT = auto;
				SUPPORTED_PLATFORMS = "iphoneos iphonesimulator macosx";
				SWIFT_EMIT_LOC_STRINGS = NO;
				SWIFT_VERSION = 5.0;
				TARGETED_DEVICE_FAMILY = "1,2";
				TEST_HOST = "$(BUILT_PRODUCTS_DIR)/myLibri.app/$(BUNDLE_EXECUTABLE_FOLDER_PATH)/myLibri";
			};
			name = Release;
		};
/* End XCBuildConfiguration section */

/* Begin XCConfigurationList section */
		63AF052F29FAA936002CC96D /* Build configuration list for PBXProject "myLibri" */ = {
			isa = XCConfigurationList;
			buildConfigurations = (
				63AF054629FAA93A002CC96D /* Debug */,
				63AF054729FAA93A002CC96D /* Release */,
			);
			defaultConfigurationIsVisible = 0;
			defaultConfigurationName = Release;
		};
		63AF054829FAA93A002CC96D /* Build configuration list for PBXNativeTarget "myLibri" */ = {
			isa = XCConfigurationList;
			buildConfigurations = (
				63AF054929FAA93A002CC96D /* Debug */,
				63AF054A29FAA93A002CC96D /* Release */,
			);
			defaultConfigurationIsVisible = 0;
			defaultConfigurationName = Release;
		};
		63BC2C262A3C86E30044DF66 /* Build configuration list for PBXNativeTarget "myLibriTests" */ = {
			isa = XCConfigurationList;
			buildConfigurations = (
				63BC2C242A3C86E30044DF66 /* Debug */,
				63BC2C252A3C86E30044DF66 /* Release */,
			);
			defaultConfigurationIsVisible = 0;
			defaultConfigurationName = Release;
		};
/* End XCConfigurationList section */

/* Begin XCRemoteSwiftPackageReference section */
		63AF056729FD52D0002CC96D /* XCRemoteSwiftPackageReference "SnapKit" */ = {
			isa = XCRemoteSwiftPackageReference;
			repositoryURL = "https://github.com/SnapKit/SnapKit.git";
			requirement = {
				kind = upToNextMajorVersion;
				minimumVersion = 5.0.0;
			};
		};
/* End XCRemoteSwiftPackageReference section */

/* Begin XCSwiftPackageProductDependency section */
		63AF056829FD52D0002CC96D /* SnapKit */ = {
			isa = XCSwiftPackageProductDependency;
			package = 63AF056729FD52D0002CC96D /* XCRemoteSwiftPackageReference "SnapKit" */;
			productName = SnapKit;
		};
/* End XCSwiftPackageProductDependency section */

/* Begin XCVersionGroup section */
		638609592A0C008100C5F589 /* SavedBook.xcdatamodeld */ = {
			isa = XCVersionGroup;
			children = (
				6386095A2A0C008100C5F589 /* Book.xcdatamodel */,
			);
			currentVersion = 6386095A2A0C008100C5F589 /* Book.xcdatamodel */;
			path = SavedBook.xcdatamodeld;
			sourceTree = "<group>";
			versionGroupType = wrapper.xcdatamodel;
		};
/* End XCVersionGroup section */
	};
	rootObject = 63AF052C29FAA936002CC96D /* Project object */;
}
